# THIS IS AN AUTOGENERATED FILE. DO NOT EDIT THIS FILE DIRECTLY.
# yarn lockfile v1


"assemblyscript@^0.20.6":
  "integrity" "sha512-gnMhJYoJnVR01EXcYKvty8sPS3Di67gBivKe8HzVcwlvwW3PNlrQ6x7T3o4l24bvamkbKxFLTsmwgX4HtjRw5g=="
  "resolved" "https://registry.npmjs.org/assemblyscript/-/assemblyscript-0.20.6.tgz"
  "version" "0.20.6"
  dependencies:
    "binaryen" "106.0.0-nightly.20220320"
    "long" "^5.2.0"

"binaryen@106.0.0-nightly.20220320":
  "integrity" "sha512-9Jzp9aOJ2uk2+viAiPr6+wi1BZKlxO4paTVm481RUEq3PIY63kdw78JoThrROt1s1qpCMuz0Oml6YqPJ7tep4w=="
  "resolved" "https://registry.npmjs.org/binaryen/-/binaryen-106.0.0-nightly.20220320.tgz"
  "version" "106.0.0-nightly.20220320"

"git@^0.1.5":
  "integrity" "sha1-nvYt+T+FHCdUIUO/UtHGixAXyhU="
  "resolved" "https://registry.npmjs.org/git/-/git-0.1.5.tgz"
  "version" "0.1.5"
  dependencies:
    "mime" "1.2.9"

"long@^5.2.0":
  "integrity" "sha512-9RTUNjK60eJbx3uz+TEGF7fUr29ZDxR5QzXcyDpeSfeH28S9ycINflOgOlppit5U+4kNTe83KQnMEerw7GmE8w=="
  "resolved" "https://registry.npmjs.org/long/-/long-5.2.0.tgz"
  "version" "5.2.0"

"mime@1.2.9":
  "integrity" "sha1-AJzUCGe9Nd5SGzuWbwTi+NTRPQk="
  "resolved" "https://registry.npmjs.org/mime/-/mime-1.2.9.tgz"
  "version" "1.2.9"
